// !$*UTF8*$!
{
	archiveVersion = 1;
	classes = {
	};
	objectVersion = 46;
	objects = {

/* Begin PBXBuildFile section */
		1CAD03A91B1527D200574005 /* BasicView.m in Sources */ = {isa = PBXBuildFile; fileRef = 1CAD03A81B1527D200574005 /* BasicView.m */; };
		8D50181A1AFE48E10022C9B3 /* main.m in Sources */ = {isa = PBXBuildFile; fileRef = 8D5018191AFE48E10022C9B3 /* main.m */; };
		8D50181D1AFE48E10022C9B3 /* AppDelegate.m in Sources */ = {isa = PBXBuildFile; fileRef = 8D50181C1AFE48E10022C9B3 /* AppDelegate.m */; };
		8D5018201AFE48E10022C9B3 /* ViewController.m in Sources */ = {isa = PBXBuildFile; fileRef = 8D50181F1AFE48E10022C9B3 /* ViewController.m */; };
		8D5018231AFE48E10022C9B3 /* Main.storyboard in Resources */ = {isa = PBXBuildFile; fileRef = 8D5018211AFE48E10022C9B3 /* Main.storyboard */; };
		8D5018251AFE48E20022C9B3 /* Images.xcassets in Resources */ = {isa = PBXBuildFile; fileRef = 8D5018241AFE48E20022C9B3 /* Images.xcassets */; };
		8D5018281AFE48E20022C9B3 /* LaunchScreen.xib in Resources */ = {isa = PBXBuildFile; fileRef = 8D5018261AFE48E20022C9B3 /* LaunchScreen.xib */; };
		8D5018341AFE48E20022C9B3 /* autolayout_demo_2Tests.m in Sources */ = {isa = PBXBuildFile; fileRef = 8D5018331AFE48E20022C9B3 /* autolayout_demo_2Tests.m */; };
		8D5018401AFE4EB30022C9B3 /* TextViewTVCell.m in Sources */ = {isa = PBXBuildFile; fileRef = 8D50183F1AFE4EB30022C9B3 /* TextViewTVCell.m */; };
/* End PBXBuildFile section */

/* Begin PBXContainerItemProxy section */
		8D50182E1AFE48E20022C9B3 /* PBXContainerItemProxy */ = {
			isa = PBXContainerItemProxy;
			containerPortal = 8D50180C1AFE48E10022C9B3 /* Project object */;
			proxyType = 1;
			remoteGlobalIDString = 8D5018131AFE48E10022C9B3;
			remoteInfo = autolayout_demo_2;
		};
/* End PBXContainerItemProxy section */

/* Begin PBXFileReference section */
		1CAD03A71B1527D200574005 /* BasicView.h */ = {isa = PBXFileReference; fileEncoding = 4; lastKnownFileType = sourcecode.c.h; path = BasicView.h; sourceTree = "<group>"; };
		1CAD03A81B1527D200574005 /* BasicView.m */ = {isa = PBXFileReference; fileEncoding = 4; lastKnownFileType = sourcecode.c.objc; path = BasicView.m; sourceTree = "<group>"; };
		8D5018141AFE48E10022C9B3 /* autolayout_demo_2.app */ = {isa = PBXFileReference; explicitFileType = wrapper.application; includeInIndex = 0; path = autolayout_demo_2.app; sourceTree = BUILT_PRODUCTS_DIR; };
		8D5018181AFE48E10022C9B3 /* Info.plist */ = {isa = PBXFileReference; lastKnownFileType = text.plist.xml; path = Info.plist; sourceTree = "<group>"; };
		8D5018191AFE48E10022C9B3 /* main.m */ = {isa = PBXFileReference; lastKnownFileType = sourcecode.c.objc; path = main.m; sourceTree = "<group>"; };
		8D50181B1AFE48E10022C9B3 /* AppDelegate.h */ = {isa = PBXFileReference; lastKnownFileType = sourcecode.c.h; path = AppDelegate.h; sourceTree = "<group>"; };
		8D50181C1AFE48E10022C9B3 /* AppDelegate.m */ = {isa = PBXFileReference; lastKnownFileType = sourcecode.c.objc; path = AppDelegate.m; sourceTree = "<group>"; };
		8D50181E1AFE48E10022C9B3 /* ViewController.h */ = {isa = PBXFileReference; lastKnownFileType = sourcecode.c.h; path = ViewController.h; sourceTree = "<group>"; };
		8D50181F1AFE48E10022C9B3 /* ViewController.m */ = {isa = PBXFileReference; lastKnownFileType = sourcecode.c.objc; path = ViewController.m; sourceTree = "<group>"; };
		8D5018221AFE48E10022C9B3 /* Base */ = {isa = PBXFileReference; lastKnownFileType = file.storyboard; name = Base; path = Base.lproj/Main.storyboard; sourceTree = "<group>"; };
		8D5018241AFE48E20022C9B3 /* Images.xcassets */ = {isa = PBXFileReference; lastKnownFileType = folder.assetcatalog; path = Images.xcassets; sourceTree = "<group>"; };
		8D5018271AFE48E20022C9B3 /* Base */ = {isa = PBXFileReference; lastKnownFileType = file.xib; name = Base; path = Base.lproj/LaunchScreen.xib; sourceTree = "<group>"; };
		8D50182D1AFE48E20022C9B3 /* autolayout_demo_2Tests.xctest */ = {isa = PBXFileReference; explicitFileType = wrapper.cfbundle; includeInIndex = 0; path = autolayout_demo_2Tests.xctest; sourceTree = BUILT_PRODUCTS_DIR; };
		8D5018321AFE48E20022C9B3 /* Info.plist */ = {isa = PBXFileReference; lastKnownFileType = text.plist.xml; path = Info.plist; sourceTree = "<group>"; };
		8D5018331AFE48E20022C9B3 /* autolayout_demo_2Tests.m */ = {isa = PBXFileReference; lastKnownFileType = sourcecode.c.objc; path = autolayout_demo_2Tests.m; sourceTree = "<group>"; };
		8D50183E1AFE4EB30022C9B3 /* TextViewTVCell.h */ = {isa = PBXFileReference; fileEncoding = 4; lastKnownFileType = sourcecode.c.h; path = TextViewTVCell.h; sourceTree = "<group>"; };
		8D50183F1AFE4EB30022C9B3 /* TextViewTVCell.m */ = {isa = PBXFileReference; fileEncoding = 4; lastKnownFileType = sourcecode.c.objc; path = TextViewTVCell.m; sourceTree = "<group>"; };
/* End PBXFileReference section */

/* Begin PBXFrameworksBuildPhase section */
		8D5018111AFE48E10022C9B3 /* Frameworks */ = {
			isa = PBXFrameworksBuildPhase;
			buildActionMask = 2147483647;
			files = (
			);
			runOnlyForDeploymentPostprocessing = 0;
		};
		8D50182A1AFE48E20022C9B3 /* Frameworks */ = {
			isa = PBXFrameworksBuildPhase;
			buildActionMask = 2147483647;
			files = (
			);
			runOnlyForDeploymentPostprocessing = 0;
		};
/* End PBXFrameworksBuildPhase section */

/* Begin PBXGroup section */
		8D50180B1AFE48E10022C9B3 = {
			isa = PBXGroup;
			children = (
				8D5018161AFE48E10022C9B3 /* autolayout_demo_2 */,
				8D5018301AFE48E20022C9B3 /* autolayout_demo_2Tests */,
				8D5018151AFE48E10022C9B3 /* Products */,
			);
			sourceTree = "<group>";
		};
		8D5018151AFE48E10022C9B3 /* Products */ = {
			isa = PBXGroup;
			children = (
				8D5018141AFE48E10022C9B3 /* autolayout_demo_2.app */,
				8D50182D1AFE48E20022C9B3 /* autolayout_demo_2Tests.xctest */,
			);
			name = Products;
			sourceTree = "<group>";
		};
		8D5018161AFE48E10022C9B3 /* autolayout_demo_2 */ = {
			isa = PBXGroup;
			children = (
				8D50181B1AFE48E10022C9B3 /* AppDelegate.h */,
				8D50181C1AFE48E10022C9B3 /* AppDelegate.m */,
				8D50181E1AFE48E10022C9B3 /* ViewController.h */,
				8D50181F1AFE48E10022C9B3 /* ViewController.m */,
				8D5018211AFE48E10022C9B3 /* Main.storyboard */,
				8D5018241AFE48E20022C9B3 /* Images.xcassets */,
				8D5018261AFE48E20022C9B3 /* LaunchScreen.xib */,
				8D5018171AFE48E10022C9B3 /* Supporting Files */,
				8D50183E1AFE4EB30022C9B3 /* TextViewTVCell.h */,
				8D50183F1AFE4EB30022C9B3 /* TextViewTVCell.m */,
				1CAD03A71B1527D200574005 /* BasicView.h */,
				1CAD03A81B1527D200574005 /* BasicView.m */,
			);
			path = autolayout_demo_2;
			sourceTree = "<group>";
		};
		8D5018171AFE48E10022C9B3 /* Supporting Files */ = {
			isa = PBXGroup;
			children = (
				8D5018181AFE48E10022C9B3 /* Info.plist */,
				8D5018191AFE48E10022C9B3 /* main.m */,
			);
			name = "Supporting Files";
			sourceTree = "<group>";
		};
		8D5018301AFE48E20022C9B3 /* autolayout_demo_2Tests */ = {
			isa = PBXGroup;
			children = (
				8D5018331AFE48E20022C9B3 /* autolayout_demo_2Tests.m */,
				8D5018311AFE48E20022C9B3 /* Supporting Files */,
			);
			path = autolayout_demo_2Tests;
			sourceTree = "<group>";
		};
		8D5018311AFE48E20022C9B3 /* Supporting Files */ = {
			isa = PBXGroup;
			children = (
				8D5018321AFE48E20022C9B3 /* Info.plist */,
			);
			name = "Supporting Files";
			sourceTree = "<group>";
		};
/* End PBXGroup section */

/* Begin PBXNativeTarget section */
		8D5018131AFE48E10022C9B3 /* autolayout_demo_2 */ = {
			isa = PBXNativeTarget;
			buildConfigurationList = 8D5018371AFE48E20022C9B3 /* Build configuration list for PBXNativeTarget "autolayout_demo_2" */;
			buildPhases = (
				8D5018101AFE48E10022C9B3 /* Sources */,
				8D5018111AFE48E10022C9B3 /* Frameworks */,
				8D5018121AFE48E10022C9B3 /* Resources */,
			);
			buildRules = (
			);
			dependencies = (
			);
			name = autolayout_demo_2;
			productName = autolayout_demo_2;
			productReference = 8D5018141AFE48E10022C9B3 /* autolayout_demo_2.app */;
			productType = "com.apple.product-type.application";
		};
		8D50182C1AFE48E20022C9B3 /* autolayout_demo_2Tests */ = {
			isa = PBXNativeTarget;
			buildConfigurationList = 8D50183A1AFE48E20022C9B3 /* Build configuration list for PBXNativeTarget "autolayout_demo_2Tests" */;
			buildPhases = (
				8D5018291AFE48E20022C9B3 /* Sources */,
				8D50182A1AFE48E20022C9B3 /* Frameworks */,
				8D50182B1AFE48E20022C9B3 /* Resources */,
			);
			buildRules = (
			);
			dependencies = (
				8D50182F1AFE48E20022C9B3 /* PBXTargetDependency */,
			);
			name = autolayout_demo_2Tests;
			productName = autolayout_demo_2Tests;
			productReference = 8D50182D1AFE48E20022C9B3 /* autolayout_demo_2Tests.xctest */;
			productType = "com.apple.product-type.bundle.unit-test";
		};
/* End PBXNativeTarget section */

/* Begin PBXProject section */
		8D50180C1AFE48E10022C9B3 /* Project object */ = {
			isa = PBXProject;
			attributes = {
				LastUpgradeCheck = 0630;
				ORGANIZATIONNAME = "Deo Volente LLC";
				TargetAttributes = {
					8D5018131AFE48E10022C9B3 = {
						CreatedOnToolsVersion = 6.3.1;
					};
					8D50182C1AFE48E20022C9B3 = {
						CreatedOnToolsVersion = 6.3.1;
						TestTargetID = 8D5018131AFE48E10022C9B3;
					};
				};
			};
			buildConfigurationList = 8D50180F1AFE48E10022C9B3 /* Build configuration list for PBXProject "autolayout_demo_2" */;
			compatibilityVersion = "Xcode 3.2";
			developmentRegion = English;
			hasScannedForEncodings = 0;
			knownRegions = (
				en,
				Base,
			);
			mainGroup = 8D50180B1AFE48E10022C9B3;
			productRefGroup = 8D5018151AFE48E10022C9B3 /* Products */;
			projectDirPath = "";
			projectRoot = "";
			targets = (
				8D5018131AFE48E10022C9B3 /* autolayout_demo_2 */,
				8D50182C1AFE48E20022C9B3 /* autolayout_demo_2Tests */,
			);
		};
/* End PBXProject section */

/* Begin PBXResourcesBuildPhase section */
		8D5018121AFE48E10022C9B3 /* Resources */ = {
			isa = PBXResourcesBuildPhase;
			buildActionMask = 2147483647;
			files = (
				8D5018231AFE48E10022C9B3 /* Main.storyboard in Resources */,
				8D5018281AFE48E20022C9B3 /* LaunchScreen.xib in Resources */,
				8D5018251AFE48E20022C9B3 /* Images.xcassets in Resources */,
			);
			runOnlyForDeploymentPostprocessing = 0;
		};
		8D50182B1AFE48E20022C9B3 /* Resources */ = {
			isa = PBXResourcesBuildPhase;
			buildActionMask = 2147483647;
			files = (
			);
			runOnlyForDeploymentPostprocessing = 0;
		};
/* End PBXResourcesBuildPhase section */

/* Begin PBXSourcesBuildPhase section */
		8D5018101AFE48E10022C9B3 /* Sources */ = {
			isa = PBXSourcesBuildPhase;
			buildActionMask = 2147483647;
			files = (
				1CAD03A91B1527D200574005 /* BasicView.m in Sources */,
				8D5018201AFE48E10022C9B3 /* ViewController.m in Sources */,
				8D5018401AFE4EB30022C9B3 /* TextViewTVCell.m in Sources */,
				8D50181D1AFE48E10022C9B3 /* AppDelegate.m in Sources */,
				8D50181A1AFE48E10022C9B3 /* main.m in Sources */,
			);
			runOnlyForDeploymentPostprocessing = 0;
		};
		8D5018291AFE48E20022C9B3 /* Sources */ = {
			isa = PBXSourcesBuildPhase;
			buildActionMask = 2147483647;
			files = (
				8D5018341AFE48E20022C9B3 /* autolayout_demo_2Tests.m in Sources */,
			);
			runOnlyForDeploymentPostprocessing = 0;
		};
/* End PBXSourcesBuildPhase section */

/* Begin PBXTargetDependency section */
		8D50182F1AFE48E20022C9B3 /* PBXTargetDependency */ = {
			isa = PBXTargetDependency;
			target = 8D5018131AFE48E10022C9B3 /* autolayout_demo_2 */;
			targetProxy = 8D50182E1AFE48E20022C9B3 /* PBXContainerItemProxy */;
		};
/* End PBXTargetDependency section */

/* Begin PBXVariantGroup section */
		8D5018211AFE48E10022C9B3 /* Main.storyboard */ = {
			isa = PBXVariantGroup;
			children = (
				8D5018221AFE48E10022C9B3 /* Base */,
			);
			name = Main.storyboard;
			sourceTree = "<group>";
		};
		8D5018261AFE48E20022C9B3 /* LaunchScreen.xib */ = {
			isa = PBXVariantGroup;
			children = (
				8D5018271AFE48E20022C9B3 /* Base */,
			);
			name = LaunchScreen.xib;
			sourceTree = "<group>";
		};
/* End PBXVariantGroup section */

/* Begin XCBuildConfiguration section */
		8D5018351AFE48E20022C9B3 /* Debug */ = {
			isa = XCBuildConfiguration;
			buildSettings = {
				ALWAYS_SEARCH_USER_PATHS = NO;
				CLANG_CXX_LANGUAGE_STANDARD = "gnu++0x";
				CLANG_CXX_LIBRARY = "libc++";
				CLANG_ENABLE_MODULES = YES;
				CLANG_ENABLE_OBJC_ARC = YES;
				CLANG_WARN_BOOL_CONVERSION = YES;
				CLANG_WARN_CONSTANT_CONVERSION = YES;
				CLANG_WARN_DIRECT_OBJC_ISA_USAGE = YES_ERROR;
				CLANG_WARN_EMPTY_BODY = YES;
				CLANG_WARN_ENUM_CONVERSION = YES;
				CLANG_WARN_INT_CONVERSION = YES;
				CLANG_WARN_OBJC_ROOT_CLASS = YES_ERROR;
				CLANG_WARN_UNREACHABLE_CODE = YES;
				CLANG_WARN__DUPLICATE_METHOD_MATCH = YES;
				"CODE_SIGN_IDENTITY[sdk=iphoneos*]" = "iPhone Developer";
				COPY_PHASE_STRIP = NO;
				DEBUG_INFORMATION_FORMAT = "dwarf-with-dsym";
				ENABLE_STRICT_OBJC_MSGSEND = YES;
				GCC_C_LANGUAGE_STANDARD = gnu99;
				GCC_DYNAMIC_NO_PIC = NO;
				GCC_NO_COMMON_BLOCKS = YES;
				GCC_OPTIMIZATION_LEVEL = 0;
				GCC_PREPROCESSOR_DEFINITIONS = (
					"DEBUG=1",
					"$(inherited)",
				);
				GCC_SYMBOLS_PRIVATE_EXTERN = NO;
				GCC_WARN_64_TO_32_BIT_CONVERSION = YES;
				GCC_WARN_ABOUT_RETURN_TYPE = YES_ERROR;
				GCC_WARN_UNDECLARED_SELECTOR = YES;
				GCC_WARN_UNINITIALIZED_AUTOS = YES_AGGRESSIVE;
				GCC_WARN_UNUSED_FUNCTION = YES;
				GCC_WARN_UNUSED_VARIABLE = YES;
				IPHONEOS_DEPLOYMENT_TARGET = 8.3;
				MTL_ENABLE_DEBUG_INFO = YES;
				ONLY_ACTIVE_ARCH = YES;
				SDKROOT = iphoneos;
			};
			name = Debug;
		};
		8D5018361AFE48E20022C9B3 /* Release */ = {
			isa = XCBuildConfiguration;
			buildSettings = {
				ALWAYS_SEARCH_USER_PATHS = NO;
				CLANG_CXX_LANGUAGE_STANDARD = "gnu++0x";
				CLANG_CXX_LIBRARY = "libc++";
				CLANG_ENABLE_MODULES = YES;
				CLANG_ENABLE_OBJC_ARC = YES;
				CLANG_WARN_BOOL_CONVERSION = YES;
				CLANG_WARN_CONSTANT_CONVERSION = YES;
				CLANG_WARN_DIRECT_OBJC_ISA_USAGE = YES_ERROR;
				CLANG_WARN_EMPTY_BODY = YES;
				CLANG_WARN_ENUM_CONVERSION = YES;
				CLANG_WARN_INT_CONVERSION = YES;
				CLANG_WARN_OBJC_ROOT_CLASS = YES_ERROR;
				CLANG_WARN_UNREACHABLE_CODE = YES;
				CLANG_WARN__DUPLICATE_METHOD_MATCH = YES;
				"CODE_SIGN_IDENTITY[sdk=iphoneos*]" = "iPhone Developer";
				COPY_PHASE_STRIP = NO;
				DEBUG_INFORMATION_FORMAT = "dwarf-with-dsym";
				ENABLE_NS_ASSERTIONS = NO;
				ENABLE_STRICT_OBJC_MSGSEND = YES;
				GCC_C_LANGUAGE_STANDARD = gnu99;
				GCC_NO_COMMON_BLOCKS = YES;
				GCC_WARN_64_TO_32_BIT_CONVERSION = YES;
				GCC_WARN_ABOUT_RETURN_TYPE = YES_ERROR;
				GCC_WARN_UNDECLARED_SELECTOR = YES;
				GCC_WARN_UNINITIALIZED_AUTOS = YES_AGGRESSIVE;
				GCC_WARN_UNUSED_FUNCTION = YES;
				GCC_WARN_UNUSED_VARIABLE = YES;
				IPHONEOS_DEPLOYMENT_TARGET = 8.3;
				MTL_ENABLE_DEBUG_INFO = NO;
				SDKROOT = iphoneos;
				VALIDATE_PRODUCT = YES;
			};
			name = Release;
		};
		8D5018381AFE48E20022C9B3 /* Debug */ = {
			isa = XCBuildConfiguration;
			buildSettings = {
				ASSETCATALOG_COMPILER_APPICON_NAME = AppIcon;
				INFOPLIST_FILE = autolayout_demo_2/Info.plist;
				LD_RUNPATH_SEARCH_PATHS = "$(inherited) @executable_path/Frameworks";
				PRODUCT_NAME = "$(TARGET_NAME)";
			};
			name = Debug;
		};
		8D5018391AFE48E20022C9B3 /* Release */ = {
			isa = XCBuildConfiguration;
			buildSettings = {
				ASSETCATALOG_COMPILER_APPICON_NAME = AppIcon;
				INFOPLIST_FILE = autolayout_demo_2/Info.plist;
				LD_RUNPATH_SEARCH_PATHS = "$(inherited) @executable_path/Frameworks";
				PRODUCT_NAME = "$(TARGET_NAME)";
			};
			name = Release;
		};
		8D50183B1AFE48E20022C9B3 /* Debug */ = {
			isa = XCBuildConfiguration;
			buildSettings = {
				BUNDLE_LOADER = "$(TEST_HOST)";
				FRAMEWORK_SEARCH_PATHS = (
					"$(SDKROOT)/Developer/Library/Frameworks",
					"$(inherited)",
				);
				GCC_PREPROCESSOR_DEFINITIONS = (
					"DEBUG=1",
					"$(inherited)",
				);
				INFOPLIST_FILE = autolayout_demo_2Tests/Info.plist;
				LD_RUNPATH_SEARCH_PATHS = "$(inherited) @executable_path/Frameworks @loader_path/Frameworks";
				PRODUCT_NAME = "$(TARGET_NAME)";
				TEST_HOST = "$(BUILT_PRODUCTS_DIR)/autolayout_demo_2.app/autolayout_demo_2";
			};
			name = Debug;
		};
		8D50183C1AFE48E20022C9B3 /* Release */ = {
			isa = XCBuildConfiguration;
			buildSettings = {
				BUNDLE_LOADER = "$(TEST_HOST)";
				FRAMEWORK_SEARCH_PATHS = (
					"$(SDKROOT)/Developer/Library/Frameworks",
					"$(inherited)",
				);
				INFOPLIST_FILE = autolayout_demo_2Tests/Info.plist;
				LD_RUNPATH_SEARCH_PATHS = "$(inherited) @executable_path/Frameworks @loader_path/Frameworks";
				PRODUCT_NAME = "$(TARGET_NAME)";
				TEST_HOST = "$(BUILT_PRODUCTS_DIR)/autolayout_demo_2.app/autolayout_demo_2";
			};
			name = Release;
		};
/* End XCBuildConfiguration section */

/* Begin XCConfigurationList section */
		8D50180F1AFE48E10022C9B3 /* Build configuration list for PBXProject "autolayout_demo_2" */ = {
			isa = XCConfigurationList;
			buildConfigurations = (
				8D5018351AFE48E20022C9B3 /* Debug */,
				8D5018361AFE48E20022C9B3 /* Release */,
			);
			defaultConfigurationIsVisible = 0;
			defaultConfigurationName = Release;
		};
		8D5018371AFE48E20022C9B3 /* Build configuration list for PBXNativeTarget "autolayout_demo_2" */ = {
			isa = XCConfigurationList;
			buildConfigurations = (
				8D5018381AFE48E20022C9B3 /* Debug */,
				8D5018391AFE48E20022C9B3 /* Release */,
			);
			defaultConfigurationIsVisible = 0;
			defaultConfigurationName = Release;
		};
		8D50183A1AFE48E20022C9B3 /* Build configuration list for PBXNativeTarget "autolayout_demo_2Tests" */ = {
			isa = XCConfigurationList;
			buildConfigurations = (
				8D50183B1AFE48E20022C9B3 /* Debug */,
				8D50183C1AFE48E20022C9B3 /* Release */,
			);
			defaultConfigurationIsVisible = 0;
			defaultConfigurationName = Release;
		};
/* End XCConfigurationList section */
	};
	rootObject = 8D50180C1AFE48E10022C9B3 /* Project object */;
}
